
Microsoft Visual Studio Solution File, Format Version 12.00
# Visual Studio Version 17
VisualStudioVersion = 17.13.35913.81 d17.13
MinimumVisualStudioVersion = 10.0.40219.1
Project("{FAE04EC0-301F-11D3-BF4B-00C04F79EFBC}") = "famous", "famous\famous.csproj", "{994204CC-DC88-43C6-A2CC-874C70286925}"
EndProject
Global
	GlobalSection(SolutionConfigurationPlatforms) = preSolution
		Debug|Any CPU = Debug|Any CPU
		Release|Any CPU = Release|Any CPU
	EndGlobalSection
	GlobalSection(ProjectConfigurationPlatforms) = postSolution
		{994204CC-DC88-43C6-A2CC-874C70286925}.Debug|Any CPU.ActiveCfg = Debug|Any CPU
		{994204CC-DC88-43C6-A2CC-874C70286925}.Debug|Any CPU.Build.0 = Debug|Any CPU
		{994204CC-DC88-43C6-A2CC-874C70286925}.Release|Any CPU.ActiveCfg = Release|Any CPU
		{994204CC-DC88-43C6-A2CC-874C70286925}.Release|Any CPU.Build.0 = Release|Any CPU
	EndGlobalSection
	GlobalSection(SolutionProperties) = preSolution
		HideSolutionNode = FALSE
	EndGlobalSection
	GlobalSection(ExtensibilityGlobals) = postSolution
		SolutionGuid = {BEFCCDE3-CE09-4D77-81A4-4A06D9A46B66}
	EndGlobalSection
EndGlobal
